
Microsoft Visual Studio Solution File, Format Version 12.00
# Visual Studio Version 17
VisualStudioVersion = 17.14.35821.62 d17.14
MinimumVisualStudioVersion = 10.0.40219.1
Project("{FAE04EC0-301F-11D3-BF4B-00C04F79EFBC}") = "Shop_app", "Shop_app\Shop_app.csproj", "{D2C19488-4F62-4CE6-8239-28FEDE91284E}"
EndProject
Global
	GlobalSection(SolutionConfigurationPlatforms) = preSolution
		Debug|Any CPU = Debug|Any CPU
		Release|Any CPU = Release|Any CPU
	EndGlobalSection
	GlobalSection(ProjectConfigurationPlatforms) = postSolution
		{D2C19488-4F62-4CE6-8239-28FEDE91284E}.Debug|Any CPU.ActiveCfg = Debug|Any CPU
		{D2C19488-4F62-4CE6-8239-28FEDE91284E}.Debug|Any CPU.Build.0 = Debug|Any CPU
		{D2C19488-4F62-4CE6-8239-28FEDE91284E}.Release|Any CPU.ActiveCfg = Release|Any CPU
		{D2C19488-4F62-4CE6-8239-28FEDE91284E}.Release|Any CPU.Build.0 = Release|Any CPU
	EndGlobalSection
	GlobalSection(SolutionProperties) = preSolution
		HideSolutionNode = FALSE
	EndGlobalSection
	GlobalSection(ExtensibilityGlobals) = postSolution
		SolutionGuid = {96714E19-D02D-40D8-860F-1E1969720DC5}
	EndGlobalSection
EndGlobal
